
Microsoft Visual Studio Solution File, Format Version 12.00
# Visual Studio Version 16
VisualStudioVersion = 16.0.30413.136
MinimumVisualStudioVersion = 10.0.40219.1
Project("{9A19103F-16F7-4668-BE54-9A1E7A4F7556}") = "XMPro.InfluxDB", "XMPro.InfluxDB.csproj", "{34B15FC4-D9CE-4467-9337-D24AC736AC9B}"
EndProject
Global
	GlobalSection(SolutionConfigurationPlatforms) = preSolution
		Debug|Any CPU = Debug|Any CPU
		Release|Any CPU = Release|Any CPU
	EndGlobalSection
	GlobalSection(ProjectConfigurationPlatforms) = postSolution
		{34B15FC4-D9CE-4467-9337-D24AC736AC9B}.Debug|Any CPU.ActiveCfg = Debug|Any CPU
		{34B15FC4-D9CE-4467-9337-D24AC736AC9B}.Debug|Any CPU.Build.0 = Debug|Any CPU
		{34B15FC4-D9CE-4467-9337-D24AC736AC9B}.Release|Any CPU.ActiveCfg = Release|Any CPU
		{34B15FC4-D9CE-4467-9337-D24AC736AC9B}.Release|Any CPU.Build.0 = Release|Any CPU
	EndGlobalSection
	GlobalSection(SolutionProperties) = preSolution
		HideSolutionNode = FALSE
	EndGlobalSection
	GlobalSection(ExtensibilityGlobals) = postSolution
		SolutionGuid = {3C5ED648-28E5-4B3F-B1F7-DB6543D941D1}
	EndGlobalSection
EndGlobal
